
Microsoft Visual Studio Solution File, Format Version 12.00
# Visual Studio Version 16
VisualStudioVersion = 16.0.31515.178
MinimumVisualStudioVersion = 10.0.40219.1
Project("{888888A0-9F3D-457C-B088-3A5042F75D52}") = "PROJECT PART 4_ ADD BASIC SECURITY TO THE APPLICATION", "PROJECT PART 4_ ADD BASIC SECURITY TO THE APPLICATION\PROJECT PART 4_ ADD BASIC SECURITY TO THE APPLICATION.pyproj", "{E7C56746-EEBF-4830-A778-7BA3DCCE07EB}"
EndProject
Global
	GlobalSection(SolutionConfigurationPlatforms) = preSolution
		Debug|Any CPU = Debug|Any CPU
		Release|Any CPU = Release|Any CPU
	EndGlobalSection
	GlobalSection(ProjectConfigurationPlatforms) = postSolution
		{E7C56746-EEBF-4830-A778-7BA3DCCE07EB}.Debug|Any CPU.ActiveCfg = Debug|Any CPU
		{E7C56746-EEBF-4830-A778-7BA3DCCE07EB}.Release|Any CPU.ActiveCfg = Release|Any CPU
	EndGlobalSection
	GlobalSection(SolutionProperties) = preSolution
		HideSolutionNode = FALSE
	EndGlobalSection
	GlobalSection(ExtensibilityGlobals) = postSolution
		SolutionGuid = {220B4589-37AF-47DC-BB6A-5E4A3AEF826C}
	EndGlobalSection
EndGlobal
